# This file is autogenerated, do not edit; changes may be undone by the next 'dep ensure'.


[[projects]]
  name = "github.com/julienschmidt/httprouter"
  packages = ["."]
  revision = "8c199fb6259ffc1af525cc3ad52ee60ba8359669"
  version = "v1.1"

[[projects]]
  name = "github.com/satori/go.uuid"
  packages = ["."]
  revision = "f58768cc1a7a7e77a3bd49e98cdd21419399b6a3"
  version = "v1.2.0"

[[projects]]
  name = "github.com/sirupsen/logrus"
  packages = ["."]
  revision = "c155da19408a8799da419ed3eeb0cb5db0ad5dbc"
  version = "v1.0.5"

[[projects]]
  branch = "master"
  name = "golang.org/x/crypto"
  packages = ["ssh/terminal"]
  revision = "2b6c08872f4b66da917bb4ce98df4f0307330f78"

[[projects]]
  branch = "master"
  name = "golang.org/x/sys"
  packages = [
    "unix",
    "windows"
  ]
  revision = "79b0c6888797020a994db17c8510466c72fe75d9"

[solve-meta]
  analyzer-name = "dep"
  analyzer-version = 1
  inputs-digest = "9f1823d64ebe165481e245a1c833904a8492a61655b0b0cc03b9ae2d7b78bc99"
  solver-name = "gps-cdcl"
  solver-version = 1
